
Microsoft Visual Studio Solution File, Format Version 12.00
# Visual Studio Version 16
VisualStudioVersion = 16.0.31129.286
MinimumVisualStudioVersion = 10.0.40219.1
Project("{8BC9CEB8-8B4A-11D0-8D11-00A0C91BC942}") = "FirstProgram", "FirstProgram\FirstProgram.vcxproj", "{1178601F-48F6-48CE-93E6-B108EA0A8959}"
EndProject
Project("{8BC9CEB8-8B4A-11D0-8D11-00A0C91BC942}") = "FirstProgramEmpty", "FirstProgramEmpty\FirstProgramEmpty.vcxproj", "{AC43B906-2CA8-4E1C-87BD-29F1CC07DDBA}"
EndProject
Project("{8BC9CEB8-8B4A-11D0-8D11-00A0C91BC942}") = "BasicIO", "BasicIO\BasicIO.vcxproj", "{7790E619-E24B-4D52-98E1-51FF1BB3A027}"
EndProject
Project("{8BC9CEB8-8B4A-11D0-8D11-00A0C91BC942}") = "FunctionsBasic", "FunctionsBasic\FunctionsBasic.vcxproj", "{DEE27A91-9DE1-42D1-ABF2-A0DFF412B5CE}"
EndProject
Project("{8BC9CEB8-8B4A-11D0-8D11-00A0C91BC942}") = "Pointers", "Pointers\Pointers.vcxproj", "{1357A63F-CCCE-41F9-83B9-A923A90BDA54}"
EndProject
Project("{8BC9CEB8-8B4A-11D0-8D11-00A0C91BC942}") = "DynamicMemoryManagement", "DynamicMemoryManagement\DynamicMemoryManagement.vcxproj", "{0E6F43D1-9FF8-4C51-ACFB-5FC170AEA6DB}"
EndProject
Project("{8BC9CEB8-8B4A-11D0-8D11-00A0C91BC942}") = "OOPinAPIEC", "OOPinAPIEC\OOPinAPIEC.vcxproj", "{09EB8BD4-F943-42E0-BC2D-9B5939384415}"
EndProject
Project("{8BC9CEB8-8B4A-11D0-8D11-00A0C91BC942}") = "OperatorOverloading", "OperatorOverloading\OperatorOverloading.vcxproj", "{A4CAB900-83D0-4061-A5D7-4B041AEF32C1}"
EndProject
Project("{8BC9CEB8-8B4A-11D0-8D11-00A0C91BC942}") = "SmartPointersDemo", "SmartPointersDemo\SmartPointersDemo.vcxproj", "{54734E61-D154-4613-A534-EA52D5E2FD4E}"
EndProject
Project("{8BC9CEB8-8B4A-11D0-8D11-00A0C91BC942}") = "MoreCppTypes", "MoreCppTypes\MoreCppTypes.vcxproj", "{DF87C613-8F2F-45E0-9611-B6DD37387B31}"
EndProject
Project("{8BC9CEB8-8B4A-11D0-8D11-00A0C91BC942}") = "AdvancedOOP", "AdvancedOOP\AdvancedOOP.vcxproj", "{35870147-34BA-4A33-80AF-A2BF8FF85785}"
EndProject
Project("{8BC9CEB8-8B4A-11D0-8D11-00A0C91BC942}") = "ExceptionHandling", "ExceptionHandling\ExceptionHandling.vcxproj", "{ED7A7855-FC04-4B19-800A-2D253CC3A78A}"
EndProject
Project("{8BC9CEB8-8B4A-11D0-8D11-00A0C91BC942}") = "FileInputAndOutput", "FileInputAndOutput\FileInputAndOutput.vcxproj", "{DE7C4B41-D7F9-4924-A7B0-0589F5750BC4}"
EndProject
Project("{8BC9CEB8-8B4A-11D0-8D11-00A0C91BC942}") = "TemplatesCpp", "TemplatesCpp\TemplatesCpp.vcxproj", "{EF858F64-9015-42F4-87E0-7FE87EBB60EB}"
EndProject
Project("{8BC9CEB8-8B4A-11D0-8D11-00A0C91BC942}") = "LambdaExpressions", "LambdaExpressions\LambdaExpressions.vcxproj", "{A53AC016-68AC-4321-8256-B7CA2EBA9A48}"
EndProject
Project("{8BC9CEB8-8B4A-11D0-8D11-00A0C91BC942}") = "StandardTemplateLibDemo", "StandardTemplateLibDemo\StandardTemplateLibDemo.vcxproj", "{374C4D08-E8D9-4065-96C0-418DFE717F58}"
EndProject
Project("{8BC9CEB8-8B4A-11D0-8D11-00A0C91BC942}") = "CppConcurrency", "CppConcurrency\CppConcurrency.vcxproj", "{9495C6DF-2154-4ACA-B767-DEF0F32B1CDC}"
EndProject
Global
	GlobalSection(SolutionConfigurationPlatforms) = preSolution
		Debug|x64 = Debug|x64
		Debug|x86 = Debug|x86
		Release|x64 = Release|x64
		Release|x86 = Release|x86
	EndGlobalSection
	GlobalSection(ProjectConfigurationPlatforms) = postSolution
		{1178601F-48F6-48CE-93E6-B108EA0A8959}.Debug|x64.ActiveCfg = Debug|x64
		{1178601F-48F6-48CE-93E6-B108EA0A8959}.Debug|x64.Build.0 = Debug|x64
		{1178601F-48F6-48CE-93E6-B108EA0A8959}.Debug|x86.ActiveCfg = Debug|Win32
		{1178601F-48F6-48CE-93E6-B108EA0A8959}.Debug|x86.Build.0 = Debug|Win32
		{1178601F-48F6-48CE-93E6-B108EA0A8959}.Release|x64.ActiveCfg = Release|x64
		{1178601F-48F6-48CE-93E6-B108EA0A8959}.Release|x64.Build.0 = Release|x64
		{1178601F-48F6-48CE-93E6-B108EA0A8959}.Release|x86.ActiveCfg = Release|Win32
		{1178601F-48F6-48CE-93E6-B108EA0A8959}.Release|x86.Build.0 = Release|Win32
		{AC43B906-2CA8-4E1C-87BD-29F1CC07DDBA}.Debug|x64.ActiveCfg = Debug|x64
		{AC43B906-2CA8-4E1C-87BD-29F1CC07DDBA}.Debug|x64.Build.0 = Debug|x64
		{AC43B906-2CA8-4E1C-87BD-29F1CC07DDBA}.Debug|x86.ActiveCfg = Debug|Win32
		{AC43B906-2CA8-4E1C-87BD-29F1CC07DDBA}.Debug|x86.Build.0 = Debug|Win32
		{AC43B906-2CA8-4E1C-87BD-29F1CC07DDBA}.Release|x64.ActiveCfg = Release|x64
		{AC43B906-2CA8-4E1C-87BD-29F1CC07DDBA}.Release|x64.Build.0 = Release|x64
		{AC43B906-2CA8-4E1C-87BD-29F1CC07DDBA}.Release|x86.ActiveCfg = Release|Win32
		{AC43B906-2CA8-4E1C-87BD-29F1CC07DDBA}.Release|x86.Build.0 = Release|Win32
		{7790E619-E24B-4D52-98E1-51FF1BB3A027}.Debug|x64.ActiveCfg = Debug|x64
		{7790E619-E24B-4D52-98E1-51FF1BB3A027}.Debug|x64.Build.0 = Debug|x64
		{7790E619-E24B-4D52-98E1-51FF1BB3A027}.Debug|x86.ActiveCfg = Debug|Win32
		{7790E619-E24B-4D52-98E1-51FF1BB3A027}.Debug|x86.Build.0 = Debug|Win32
		{7790E619-E24B-4D52-98E1-51FF1BB3A027}.Release|x64.ActiveCfg = Release|x64
		{7790E619-E24B-4D52-98E1-51FF1BB3A027}.Release|x64.Build.0 = Release|x64
		{7790E619-E24B-4D52-98E1-51FF1BB3A027}.Release|x86.ActiveCfg = Release|Win32
		{7790E619-E24B-4D52-98E1-51FF1BB3A027}.Release|x86.Build.0 = Release|Win32
		{DEE27A91-9DE1-42D1-ABF2-A0DFF412B5CE}.Debug|x64.ActiveCfg = Debug|x64
		{DEE27A91-9DE1-42D1-ABF2-A0DFF412B5CE}.Debug|x64.Build.0 = Debug|x64
		{DEE27A91-9DE1-42D1-ABF2-A0DFF412B5CE}.Debug|x86.ActiveCfg = Debug|Win32
		{DEE27A91-9DE1-42D1-ABF2-A0DFF412B5CE}.Debug|x86.Build.0 = Debug|Win32
		{DEE27A91-9DE1-42D1-ABF2-A0DFF412B5CE}.Release|x64.ActiveCfg = Release|x64
		{DEE27A91-9DE1-42D1-ABF2-A0DFF412B5CE}.Release|x64.Build.0 = Release|x64
		{DEE27A91-9DE1-42D1-ABF2-A0DFF412B5CE}.Release|x86.ActiveCfg = Release|Win32
		{DEE27A91-9DE1-42D1-ABF2-A0DFF412B5CE}.Release|x86.Build.0 = Release|Win32
		{1357A63F-CCCE-41F9-83B9-A923A90BDA54}.Debug|x64.ActiveCfg = Debug|x64
		{1357A63F-CCCE-41F9-83B9-A923A90BDA54}.Debug|x64.Build.0 = Debug|x64
		{1357A63F-CCCE-41F9-83B9-A923A90BDA54}.Debug|x86.ActiveCfg = Debug|Win32
		{1357A63F-CCCE-41F9-83B9-A923A90BDA54}.Debug|x86.Build.0 = Debug|Win32
		{1357A63F-CCCE-41F9-83B9-A923A90BDA54}.Release|x64.ActiveCfg = Release|x64
		{1357A63F-CCCE-41F9-83B9-A923A90BDA54}.Release|x64.Build.0 = Release|x64
		{1357A63F-CCCE-41F9-83B9-A923A90BDA54}.Release|x86.ActiveCfg = Release|Win32
		{1357A63F-CCCE-41F9-83B9-A923A90BDA54}.Release|x86.Build.0 = Release|Win32
		{0E6F43D1-9FF8-4C51-ACFB-5FC170AEA6DB}.Debug|x64.ActiveCfg = Debug|x64
		{0E6F43D1-9FF8-4C51-ACFB-5FC170AEA6DB}.Debug|x64.Build.0 = Debug|x64
		{0E6F43D1-9FF8-4C51-ACFB-5FC170AEA6DB}.Debug|x86.ActiveCfg = Debug|Win32
		{0E6F43D1-9FF8-4C51-ACFB-5FC170AEA6DB}.Debug|x86.Build.0 = Debug|Win32
		{0E6F43D1-9FF8-4C51-ACFB-5FC170AEA6DB}.Release|x64.ActiveCfg = Release|x64
		{0E6F43D1-9FF8-4C51-ACFB-5FC170AEA6DB}.Release|x64.Build.0 = Release|x64
		{0E6F43D1-9FF8-4C51-ACFB-5FC170AEA6DB}.Release|x86.ActiveCfg = Release|Win32
		{0E6F43D1-9FF8-4C51-ACFB-5FC170AEA6DB}.Release|x86.Build.0 = Release|Win32
		{09EB8BD4-F943-42E0-BC2D-9B5939384415}.Debug|x64.ActiveCfg = Debug|x64
		{09EB8BD4-F943-42E0-BC2D-9B5939384415}.Debug|x64.Build.0 = Debug|x64
		{09EB8BD4-F943-42E0-BC2D-9B5939384415}.Debug|x86.ActiveCfg = Debug|Win32
		{09EB8BD4-F943-42E0-BC2D-9B5939384415}.Debug|x86.Build.0 = Debug|Win32
		{09EB8BD4-F943-42E0-BC2D-9B5939384415}.Release|x64.ActiveCfg = Release|x64
		{09EB8BD4-F943-42E0-BC2D-9B5939384415}.Release|x64.Build.0 = Release|x64
		{09EB8BD4-F943-42E0-BC2D-9B5939384415}.Release|x86.ActiveCfg = Release|Win32
		{09EB8BD4-F943-42E0-BC2D-9B5939384415}.Release|x86.Build.0 = Release|Win32
		{A4CAB900-83D0-4061-A5D7-4B041AEF32C1}.Debug|x64.ActiveCfg = Debug|x64
		{A4CAB900-83D0-4061-A5D7-4B041AEF32C1}.Debug|x64.Build.0 = Debug|x64
		{A4CAB900-83D0-4061-A5D7-4B041AEF32C1}.Debug|x86.ActiveCfg = Debug|Win32
		{A4CAB900-83D0-4061-A5D7-4B041AEF32C1}.Debug|x86.Build.0 = Debug|Win32
		{A4CAB900-83D0-4061-A5D7-4B041AEF32C1}.Release|x64.ActiveCfg = Release|x64
		{A4CAB900-83D0-4061-A5D7-4B041AEF32C1}.Release|x64.Build.0 = Release|x64
		{A4CAB900-83D0-4061-A5D7-4B041AEF32C1}.Release|x86.ActiveCfg = Release|Win32
		{A4CAB900-83D0-4061-A5D7-4B041AEF32C1}.Release|x86.Build.0 = Release|Win32
		{54734E61-D154-4613-A534-EA52D5E2FD4E}.Debug|x64.ActiveCfg = Debug|x64
		{54734E61-D154-4613-A534-EA52D5E2FD4E}.Debug|x64.Build.0 = Debug|x64
		{54734E61-D154-4613-A534-EA52D5E2FD4E}.Debug|x86.ActiveCfg = Debug|Win32
		{54734E61-D154-4613-A534-EA52D5E2FD4E}.Debug|x86.Build.0 = Debug|Win32
		{54734E61-D154-4613-A534-EA52D5E2FD4E}.Release|x64.ActiveCfg = Release|x64
		{54734E61-D154-4613-A534-EA52D5E2FD4E}.Release|x64.Build.0 = Release|x64
		{54734E61-D154-4613-A534-EA52D5E2FD4E}.Release|x86.ActiveCfg = Release|Win32
		{54734E61-D154-4613-A534-EA52D5E2FD4E}.Release|x86.Build.0 = Release|Win32
		{DF87C613-8F2F-45E0-9611-B6DD37387B31}.Debug|x64.ActiveCfg = Debug|x64
		{DF87C613-8F2F-45E0-9611-B6DD37387B31}.Debug|x64.Build.0 = Debug|x64
		{DF87C613-8F2F-45E0-9611-B6DD37387B31}.Debug|x86.ActiveCfg = Debug|Win32
		{DF87C613-8F2F-45E0-9611-B6DD37387B31}.Debug|x86.Build.0 = Debug|Win32
		{DF87C613-8F2F-45E0-9611-B6DD37387B31}.Release|x64.ActiveCfg = Release|x64
		{DF87C613-8F2F-45E0-9611-B6DD37387B31}.Release|x64.Build.0 = Release|x64
		{DF87C613-8F2F-45E0-9611-B6DD37387B31}.Release|x86.ActiveCfg = Release|Win32
		{DF87C613-8F2F-45E0-9611-B6DD37387B31}.Release|x86.Build.0 = Release|Win32
		{35870147-34BA-4A33-80AF-A2BF8FF85785}.Debug|x64.ActiveCfg = Debug|x64
		{35870147-34BA-4A33-80AF-A2BF8FF85785}.Debug|x64.Build.0 = Debug|x64
		{35870147-34BA-4A33-80AF-A2BF8FF85785}.Debug|x86.ActiveCfg = Debug|Win32
		{35870147-34BA-4A33-80AF-A2BF8FF85785}.Debug|x86.Build.0 = Debug|Win32
		{35870147-34BA-4A33-80AF-A2BF8FF85785}.Release|x64.ActiveCfg = Release|x64
		{35870147-34BA-4A33-80AF-A2BF8FF85785}.Release|x64.Build.0 = Release|x64
		{35870147-34BA-4A33-80AF-A2BF8FF85785}.Release|x86.ActiveCfg = Release|Win32
		{35870147-34BA-4A33-80AF-A2BF8FF85785}.Release|x86.Build.0 = Release|Win32
		{ED7A7855-FC04-4B19-800A-2D253CC3A78A}.Debug|x64.ActiveCfg = Debug|x64
		{ED7A7855-FC04-4B19-800A-2D253CC3A78A}.Debug|x64.Build.0 = Debug|x64
		{ED7A7855-FC04-4B19-800A-2D253CC3A78A}.Debug|x86.ActiveCfg = Debug|Win32
		{ED7A7855-FC04-4B19-800A-2D253CC3A78A}.Debug|x86.Build.0 = Debug|Win32
		{ED7A7855-FC04-4B19-800A-2D253CC3A78A}.Release|x64.ActiveCfg = Release|x64
		{ED7A7855-FC04-4B19-800A-2D253CC3A78A}.Release|x64.Build.0 = Release|x64
		{ED7A7855-FC04-4B19-800A-2D253CC3A78A}.Release|x86.ActiveCfg = Release|Win32
		{ED7A7855-FC04-4B19-800A-2D253CC3A78A}.Release|x86.Build.0 = Release|Win32
		{DE7C4B41-D7F9-4924-A7B0-0589F5750BC4}.Debug|x64.ActiveCfg = Debug|x64
		{DE7C4B41-D7F9-4924-A7B0-0589F5750BC4}.Debug|x64.Build.0 = Debug|x64
		{DE7C4B41-D7F9-4924-A7B0-0589F5750BC4}.Debug|x86.ActiveCfg = Debug|Win32
		{DE7C4B41-D7F9-4924-A7B0-0589F5750BC4}.Debug|x86.Build.0 = Debug|Win32
		{DE7C4B41-D7F9-4924-A7B0-0589F5750BC4}.Release|x64.ActiveCfg = Release|x64
		{DE7C4B41-D7F9-4924-A7B0-0589F5750BC4}.Release|x64.Build.0 = Release|x64
		{DE7C4B41-D7F9-4924-A7B0-0589F5750BC4}.Release|x86.ActiveCfg = Release|Win32
		{DE7C4B41-D7F9-4924-A7B0-0589F5750BC4}.Release|x86.Build.0 = Release|Win32
		{EF858F64-9015-42F4-87E0-7FE87EBB60EB}.Debug|x64.ActiveCfg = Debug|x64
		{EF858F64-9015-42F4-87E0-7FE87EBB60EB}.Debug|x64.Build.0 = Debug|x64
		{EF858F64-9015-42F4-87E0-7FE87EBB60EB}.Debug|x86.ActiveCfg = Debug|Win32
		{EF858F64-9015-42F4-87E0-7FE87EBB60EB}.Debug|x86.Build.0 = Debug|Win32
		{EF858F64-9015-42F4-87E0-7FE87EBB60EB}.Release|x64.ActiveCfg = Release|x64
		{EF858F64-9015-42F4-87E0-7FE87EBB60EB}.Release|x64.Build.0 = Release|x64
		{EF858F64-9015-42F4-87E0-7FE87EBB60EB}.Release|x86.ActiveCfg = Release|Win32
		{EF858F64-9015-42F4-87E0-7FE87EBB60EB}.Release|x86.Build.0 = Release|Win32
		{A53AC016-68AC-4321-8256-B7CA2EBA9A48}.Debug|x64.ActiveCfg = Debug|x64
		{A53AC016-68AC-4321-8256-B7CA2EBA9A48}.Debug|x64.Build.0 = Debug|x64
		{A53AC016-68AC-4321-8256-B7CA2EBA9A48}.Debug|x86.ActiveCfg = Debug|Win32
		{A53AC016-68AC-4321-8256-B7CA2EBA9A48}.Debug|x86.Build.0 = Debug|Win32
		{A53AC016-68AC-4321-8256-B7CA2EBA9A48}.Release|x64.ActiveCfg = Release|x64
		{A53AC016-68AC-4321-8256-B7CA2EBA9A48}.Release|x64.Build.0 = Release|x64
		{A53AC016-68AC-4321-8256-B7CA2EBA9A48}.Release|x86.ActiveCfg = Release|Win32
		{A53AC016-68AC-4321-8256-B7CA2EBA9A48}.Release|x86.Build.0 = Release|Win32
		{374C4D08-E8D9-4065-96C0-418DFE717F58}.Debug|x64.ActiveCfg = Debug|x64
		{374C4D08-E8D9-4065-96C0-418DFE717F58}.Debug|x64.Build.0 = Debug|x64
		{374C4D08-E8D9-4065-96C0-418DFE717F58}.Debug|x86.ActiveCfg = Debug|Win32
		{374C4D08-E8D9-4065-96C0-418DFE717F58}.Debug|x86.Build.0 = Debug|Win32
		{374C4D08-E8D9-4065-96C0-418DFE717F58}.Release|x64.ActiveCfg = Release|x64
		{374C4D08-E8D9-4065-96C0-418DFE717F58}.Release|x64.Build.0 = Release|x64
		{374C4D08-E8D9-4065-96C0-418DFE717F58}.Release|x86.ActiveCfg = Release|Win32
		{374C4D08-E8D9-4065-96C0-418DFE717F58}.Release|x86.Build.0 = Release|Win32
		{9495C6DF-2154-4ACA-B767-DEF0F32B1CDC}.Debug|x64.ActiveCfg = Debug|x64
		{9495C6DF-2154-4ACA-B767-DEF0F32B1CDC}.Debug|x64.Build.0 = Debug|x64
		{9495C6DF-2154-4ACA-B767-DEF0F32B1CDC}.Debug|x86.ActiveCfg = Debug|Win32
		{9495C6DF-2154-4ACA-B767-DEF0F32B1CDC}.Debug|x86.Build.0 = Debug|Win32
		{9495C6DF-2154-4ACA-B767-DEF0F32B1CDC}.Release|x64.ActiveCfg = Release|x64
		{9495C6DF-2154-4ACA-B767-DEF0F32B1CDC}.Release|x64.Build.0 = Release|x64
		{9495C6DF-2154-4ACA-B767-DEF0F32B1CDC}.Release|x86.ActiveCfg = Release|Win32
		{9495C6DF-2154-4ACA-B767-DEF0F32B1CDC}.Release|x86.Build.0 = Release|Win32
	EndGlobalSection
	GlobalSection(SolutionProperties) = preSolution
		HideSolutionNode = FALSE
	EndGlobalSection
	GlobalSection(ExtensibilityGlobals) = postSolution
		SolutionGuid = {A7E02577-8C36-4102-AB5D-C291E3BB45F4}
	EndGlobalSection
EndGlobal
